
Microsoft Visual Studio Solution File, Format Version 12.00
# Visual Studio 15
VisualStudioVersion = 15.0.27130.2027
MinimumVisualStudioVersion = 10.0.40219.1
Project("{FAE04EC0-301F-11D3-BF4B-00C04F79EFBC}") = "Warehouse.Database", "Warehouse.Database\Warehouse.Database.csproj", "{D2CAAE0C-440D-4856-823E-EE4C36A36720}"
EndProject
Project("{FAE04EC0-301F-11D3-BF4B-00C04F79EFBC}") = "Warehouse.DataAccess", "Warehouse.DataAccess\Warehouse.DataAccess.csproj", "{5178732F-0145-446B-BFC6-E9CE7C912FD6}"
EndProject
Project("{FAE04EC0-301F-11D3-BF4B-00C04F79EFBC}") = "Warehouse.Api", "Warehouse.Api\Warehouse.Api.csproj", "{117F142C-2428-4011-8034-3B4EFEFCADC4}"
EndProject
Project("{FAE04EC0-301F-11D3-BF4B-00C04F79EFBC}") = "Warehouse.Domain", "Warehouse.Domain\Warehouse.Domain.csproj", "{1A0B5AB9-FCF5-496F-8E67-025096146BB8}"
EndProject
Global
	GlobalSection(SolutionConfigurationPlatforms) = preSolution
		Debug|Any CPU = Debug|Any CPU
		Release|Any CPU = Release|Any CPU
	EndGlobalSection
	GlobalSection(ProjectConfigurationPlatforms) = postSolution
		{D2CAAE0C-440D-4856-823E-EE4C36A36720}.Debug|Any CPU.ActiveCfg = Debug|Any CPU
		{D2CAAE0C-440D-4856-823E-EE4C36A36720}.Debug|Any CPU.Build.0 = Debug|Any CPU
		{D2CAAE0C-440D-4856-823E-EE4C36A36720}.Release|Any CPU.ActiveCfg = Release|Any CPU
		{D2CAAE0C-440D-4856-823E-EE4C36A36720}.Release|Any CPU.Build.0 = Release|Any CPU
		{5178732F-0145-446B-BFC6-E9CE7C912FD6}.Debug|Any CPU.ActiveCfg = Debug|Any CPU
		{5178732F-0145-446B-BFC6-E9CE7C912FD6}.Debug|Any CPU.Build.0 = Debug|Any CPU
		{5178732F-0145-446B-BFC6-E9CE7C912FD6}.Release|Any CPU.ActiveCfg = Release|Any CPU
		{5178732F-0145-446B-BFC6-E9CE7C912FD6}.Release|Any CPU.Build.0 = Release|Any CPU
		{117F142C-2428-4011-8034-3B4EFEFCADC4}.Debug|Any CPU.ActiveCfg = Debug|Any CPU
		{117F142C-2428-4011-8034-3B4EFEFCADC4}.Debug|Any CPU.Build.0 = Debug|Any CPU
		{117F142C-2428-4011-8034-3B4EFEFCADC4}.Release|Any CPU.ActiveCfg = Release|Any CPU
		{117F142C-2428-4011-8034-3B4EFEFCADC4}.Release|Any CPU.Build.0 = Release|Any CPU
		{1A0B5AB9-FCF5-496F-8E67-025096146BB8}.Debug|Any CPU.ActiveCfg = Debug|Any CPU
		{1A0B5AB9-FCF5-496F-8E67-025096146BB8}.Debug|Any CPU.Build.0 = Debug|Any CPU
		{1A0B5AB9-FCF5-496F-8E67-025096146BB8}.Release|Any CPU.ActiveCfg = Release|Any CPU
		{1A0B5AB9-FCF5-496F-8E67-025096146BB8}.Release|Any CPU.Build.0 = Release|Any CPU
	EndGlobalSection
	GlobalSection(SolutionProperties) = preSolution
		HideSolutionNode = FALSE
	EndGlobalSection
	GlobalSection(ExtensibilityGlobals) = postSolution
		SolutionGuid = {063F64AE-8CCE-4408-8921-A78B7AEDCF31}
	EndGlobalSection
EndGlobal
